
Microsoft Visual Studio Solution File, Format Version 12.00
# Visual Studio Version 16
VisualStudioVersion = 16.0.30204.135
MinimumVisualStudioVersion = 10.0.40219.1
Project("{9A19103F-16F7-4668-BE54-9A1E7A4F7556}") = "FluentCronExpression", "src\FluentCronExpression\FluentCronExpression.csproj", "{8F6F6857-FF62-466E-B44E-2F0BAB064C37}"
EndProject
Project("{FAE04EC0-301F-11D3-BF4B-00C04F79EFBC}") = "FluentCronExpression.UnitTests", "src\FluentCronExpression.UnitTests\FluentCronExpression.UnitTests.csproj", "{62209600-0A13-4463-ADB3-6547EC2BA816}"
EndProject
Global
	GlobalSection(SolutionConfigurationPlatforms) = preSolution
		Debug|Any CPU = Debug|Any CPU
		Release|Any CPU = Release|Any CPU
	EndGlobalSection
	GlobalSection(ProjectConfigurationPlatforms) = postSolution
		{8F6F6857-FF62-466E-B44E-2F0BAB064C37}.Debug|Any CPU.ActiveCfg = Debug|Any CPU
		{8F6F6857-FF62-466E-B44E-2F0BAB064C37}.Debug|Any CPU.Build.0 = Debug|Any CPU
		{8F6F6857-FF62-466E-B44E-2F0BAB064C37}.Release|Any CPU.ActiveCfg = Release|Any CPU
		{8F6F6857-FF62-466E-B44E-2F0BAB064C37}.Release|Any CPU.Build.0 = Release|Any CPU
		{62209600-0A13-4463-ADB3-6547EC2BA816}.Debug|Any CPU.ActiveCfg = Debug|Any CPU
		{62209600-0A13-4463-ADB3-6547EC2BA816}.Debug|Any CPU.Build.0 = Debug|Any CPU
		{62209600-0A13-4463-ADB3-6547EC2BA816}.Release|Any CPU.ActiveCfg = Release|Any CPU
		{62209600-0A13-4463-ADB3-6547EC2BA816}.Release|Any CPU.Build.0 = Release|Any CPU
	EndGlobalSection
	GlobalSection(SolutionProperties) = preSolution
		HideSolutionNode = FALSE
	EndGlobalSection
	GlobalSection(ExtensibilityGlobals) = postSolution
		SolutionGuid = {322E4919-8402-443F-83AE-F09C30AA0B61}
	EndGlobalSection
EndGlobal
